
Microsoft Visual Studio Solution File, Format Version 12.00
# Visual Studio 14
VisualStudioVersion = 14.0.23107.0
MinimumVisualStudioVersion = 10.0.40219.1
Project("{FAE04EC0-301F-11D3-BF4B-00C04F79EFBC}") = "ServiceControl.BusinessObjects", "EPMI.ServiceControl.BusinessObjects\ServiceControl.BusinessObjects.csproj", "{C4376D56-33E0-411A-A4A9-DB8CD5788DB7}"
EndProject
Project("{FAE04EC0-301F-11D3-BF4B-00C04F79EFBC}") = "ServiceControl.Utility", "EPMI.ServiceControl.Utility\ServiceControl.Utility.csproj", "{69CACD7F-D599-4954-906E-ECC5AFE2E8D1}"
EndProject
Project("{FAE04EC0-301F-11D3-BF4B-00C04F79EFBC}") = "ServiceControl.WPF", "EPMI.ServiceControl.WPF\ServiceControl.WPF.csproj", "{45813541-764C-4E37-AED8-B9B7536F6B82}"
EndProject
Project("{FAE04EC0-301F-11D3-BF4B-00C04F79EFBC}") = "EPMJunkie.Core", "EPMI.Core\EPMJunkie.Core.csproj", "{0D81E327-ACCD-4A65-955D-3D6A8B5E25D0}"
EndProject
Project("{2150E333-8FDC-42A3-9474-1A3956D46DE8}") = "Solution Items", "Solution Items", "{3B90E336-D1B5-4E43-9727-AABFCF8561F5}"
EndProject
Project("{930C7802-8A8C-48F9-8165-68863BCCD9DD}") = "Setup", "Setup\Setup.wixproj", "{11283970-E6B3-47F5-AD95-F794B8C476D6}"
EndProject
Global
	GlobalSection(SolutionConfigurationPlatforms) = preSolution
		CD_ROM|Any CPU = CD_ROM|Any CPU
		CD_ROM|Mixed Platforms = CD_ROM|Mixed Platforms
		CD_ROM|x86 = CD_ROM|x86
		Debug|Any CPU = Debug|Any CPU
		Debug|Mixed Platforms = Debug|Mixed Platforms
		Debug|x86 = Debug|x86
		DVD-5|Any CPU = DVD-5|Any CPU
		DVD-5|Mixed Platforms = DVD-5|Mixed Platforms
		DVD-5|x86 = DVD-5|x86
		Release|Any CPU = Release|Any CPU
		Release|Mixed Platforms = Release|Mixed Platforms
		Release|x86 = Release|x86
		SingleImage|Any CPU = SingleImage|Any CPU
		SingleImage|Mixed Platforms = SingleImage|Mixed Platforms
		SingleImage|x86 = SingleImage|x86
	EndGlobalSection
	GlobalSection(ProjectConfigurationPlatforms) = postSolution
		{C4376D56-33E0-411A-A4A9-DB8CD5788DB7}.CD_ROM|Any CPU.ActiveCfg = Release|Any CPU
		{C4376D56-33E0-411A-A4A9-DB8CD5788DB7}.CD_ROM|Any CPU.Build.0 = Release|Any CPU
		{C4376D56-33E0-411A-A4A9-DB8CD5788DB7}.CD_ROM|Mixed Platforms.ActiveCfg = Release|Any CPU
		{C4376D56-33E0-411A-A4A9-DB8CD5788DB7}.CD_ROM|Mixed Platforms.Build.0 = Release|Any CPU
		{C4376D56-33E0-411A-A4A9-DB8CD5788DB7}.CD_ROM|x86.ActiveCfg = Release|Any CPU
		{C4376D56-33E0-411A-A4A9-DB8CD5788DB7}.Debug|Any CPU.ActiveCfg = Debug|Any CPU
		{C4376D56-33E0-411A-A4A9-DB8CD5788DB7}.Debug|Any CPU.Build.0 = Debug|Any CPU
		{C4376D56-33E0-411A-A4A9-DB8CD5788DB7}.Debug|Mixed Platforms.ActiveCfg = Debug|Any CPU
		{C4376D56-33E0-411A-A4A9-DB8CD5788DB7}.Debug|Mixed Platforms.Build.0 = Debug|Any CPU
		{C4376D56-33E0-411A-A4A9-DB8CD5788DB7}.Debug|x86.ActiveCfg = Debug|Any CPU
		{C4376D56-33E0-411A-A4A9-DB8CD5788DB7}.DVD-5|Any CPU.ActiveCfg = Debug|Any CPU
		{C4376D56-33E0-411A-A4A9-DB8CD5788DB7}.DVD-5|Any CPU.Build.0 = Debug|Any CPU
		{C4376D56-33E0-411A-A4A9-DB8CD5788DB7}.DVD-5|Mixed Platforms.ActiveCfg = Debug|Any CPU
		{C4376D56-33E0-411A-A4A9-DB8CD5788DB7}.DVD-5|Mixed Platforms.Build.0 = Debug|Any CPU
		{C4376D56-33E0-411A-A4A9-DB8CD5788DB7}.DVD-5|x86.ActiveCfg = Debug|Any CPU
		{C4376D56-33E0-411A-A4A9-DB8CD5788DB7}.Release|Any CPU.ActiveCfg = Release|Any CPU
		{C4376D56-33E0-411A-A4A9-DB8CD5788DB7}.Release|Any CPU.Build.0 = Release|Any CPU
		{C4376D56-33E0-411A-A4A9-DB8CD5788DB7}.Release|Mixed Platforms.ActiveCfg = Release|Any CPU
		{C4376D56-33E0-411A-A4A9-DB8CD5788DB7}.Release|Mixed Platforms.Build.0 = Release|Any CPU
		{C4376D56-33E0-411A-A4A9-DB8CD5788DB7}.Release|x86.ActiveCfg = Release|Any CPU
		{C4376D56-33E0-411A-A4A9-DB8CD5788DB7}.SingleImage|Any CPU.ActiveCfg = Release|Any CPU
		{C4376D56-33E0-411A-A4A9-DB8CD5788DB7}.SingleImage|Any CPU.Build.0 = Release|Any CPU
		{C4376D56-33E0-411A-A4A9-DB8CD5788DB7}.SingleImage|Mixed Platforms.ActiveCfg = Release|Any CPU
		{C4376D56-33E0-411A-A4A9-DB8CD5788DB7}.SingleImage|Mixed Platforms.Build.0 = Release|Any CPU
		{C4376D56-33E0-411A-A4A9-DB8CD5788DB7}.SingleImage|x86.ActiveCfg = Release|Any CPU
		{69CACD7F-D599-4954-906E-ECC5AFE2E8D1}.CD_ROM|Any CPU.ActiveCfg = Release|Any CPU
		{69CACD7F-D599-4954-906E-ECC5AFE2E8D1}.CD_ROM|Any CPU.Build.0 = Release|Any CPU
		{69CACD7F-D599-4954-906E-ECC5AFE2E8D1}.CD_ROM|Mixed Platforms.ActiveCfg = Release|Any CPU
		{69CACD7F-D599-4954-906E-ECC5AFE2E8D1}.CD_ROM|Mixed Platforms.Build.0 = Release|Any CPU
		{69CACD7F-D599-4954-906E-ECC5AFE2E8D1}.CD_ROM|x86.ActiveCfg = Release|Any CPU
		{69CACD7F-D599-4954-906E-ECC5AFE2E8D1}.Debug|Any CPU.ActiveCfg = Debug|Any CPU
		{69CACD7F-D599-4954-906E-ECC5AFE2E8D1}.Debug|Any CPU.Build.0 = Debug|Any CPU
		{69CACD7F-D599-4954-906E-ECC5AFE2E8D1}.Debug|Mixed Platforms.ActiveCfg = Debug|Any CPU
		{69CACD7F-D599-4954-906E-ECC5AFE2E8D1}.Debug|Mixed Platforms.Build.0 = Debug|Any CPU
		{69CACD7F-D599-4954-906E-ECC5AFE2E8D1}.Debug|x86.ActiveCfg = Debug|Any CPU
		{69CACD7F-D599-4954-906E-ECC5AFE2E8D1}.DVD-5|Any CPU.ActiveCfg = Debug|Any CPU
		{69CACD7F-D599-4954-906E-ECC5AFE2E8D1}.DVD-5|Any CPU.Build.0 = Debug|Any CPU
		{69CACD7F-D599-4954-906E-ECC5AFE2E8D1}.DVD-5|Mixed Platforms.ActiveCfg = Debug|Any CPU
		{69CACD7F-D599-4954-906E-ECC5AFE2E8D1}.DVD-5|Mixed Platforms.Build.0 = Debug|Any CPU
		{69CACD7F-D599-4954-906E-ECC5AFE2E8D1}.DVD-5|x86.ActiveCfg = Debug|Any CPU
		{69CACD7F-D599-4954-906E-ECC5AFE2E8D1}.Release|Any CPU.ActiveCfg = Release|Any CPU
		{69CACD7F-D599-4954-906E-ECC5AFE2E8D1}.Release|Any CPU.Build.0 = Release|Any CPU
		{69CACD7F-D599-4954-906E-ECC5AFE2E8D1}.Release|Mixed Platforms.ActiveCfg = Release|Any CPU
		{69CACD7F-D599-4954-906E-ECC5AFE2E8D1}.Release|Mixed Platforms.Build.0 = Release|Any CPU
		{69CACD7F-D599-4954-906E-ECC5AFE2E8D1}.Release|x86.ActiveCfg = Release|Any CPU
		{69CACD7F-D599-4954-906E-ECC5AFE2E8D1}.SingleImage|Any CPU.ActiveCfg = Release|Any CPU
		{69CACD7F-D599-4954-906E-ECC5AFE2E8D1}.SingleImage|Any CPU.Build.0 = Release|Any CPU
		{69CACD7F-D599-4954-906E-ECC5AFE2E8D1}.SingleImage|Mixed Platforms.ActiveCfg = Release|Any CPU
		{69CACD7F-D599-4954-906E-ECC5AFE2E8D1}.SingleImage|Mixed Platforms.Build.0 = Release|Any CPU
		{69CACD7F-D599-4954-906E-ECC5AFE2E8D1}.SingleImage|x86.ActiveCfg = Release|Any CPU
		{45813541-764C-4E37-AED8-B9B7536F6B82}.CD_ROM|Any CPU.ActiveCfg = Release|x86
		{45813541-764C-4E37-AED8-B9B7536F6B82}.CD_ROM|Mixed Platforms.ActiveCfg = Release|x86
		{45813541-764C-4E37-AED8-B9B7536F6B82}.CD_ROM|Mixed Platforms.Build.0 = Release|x86
		{45813541-764C-4E37-AED8-B9B7536F6B82}.CD_ROM|x86.ActiveCfg = Release|x86
		{45813541-764C-4E37-AED8-B9B7536F6B82}.CD_ROM|x86.Build.0 = Release|x86
		{45813541-764C-4E37-AED8-B9B7536F6B82}.Debug|Any CPU.ActiveCfg = Debug|x86
		{45813541-764C-4E37-AED8-B9B7536F6B82}.Debug|Mixed Platforms.ActiveCfg = Debug|x86
		{45813541-764C-4E37-AED8-B9B7536F6B82}.Debug|Mixed Platforms.Build.0 = Debug|x86
		{45813541-764C-4E37-AED8-B9B7536F6B82}.Debug|x86.ActiveCfg = Debug|x86
		{45813541-764C-4E37-AED8-B9B7536F6B82}.Debug|x86.Build.0 = Debug|x86
		{45813541-764C-4E37-AED8-B9B7536F6B82}.DVD-5|Any CPU.ActiveCfg = Debug|x86
		{45813541-764C-4E37-AED8-B9B7536F6B82}.DVD-5|Mixed Platforms.ActiveCfg = Debug|x86
		{45813541-764C-4E37-AED8-B9B7536F6B82}.DVD-5|Mixed Platforms.Build.0 = Debug|x86
		{45813541-764C-4E37-AED8-B9B7536F6B82}.DVD-5|x86.ActiveCfg = Debug|x86
		{45813541-764C-4E37-AED8-B9B7536F6B82}.DVD-5|x86.Build.0 = Debug|x86
		{45813541-764C-4E37-AED8-B9B7536F6B82}.Release|Any CPU.ActiveCfg = Release|x86
		{45813541-764C-4E37-AED8-B9B7536F6B82}.Release|Mixed Platforms.ActiveCfg = Release|x86
		{45813541-764C-4E37-AED8-B9B7536F6B82}.Release|Mixed Platforms.Build.0 = Release|x86
		{45813541-764C-4E37-AED8-B9B7536F6B82}.Release|x86.ActiveCfg = Release|x86
		{45813541-764C-4E37-AED8-B9B7536F6B82}.Release|x86.Build.0 = Release|x86
		{45813541-764C-4E37-AED8-B9B7536F6B82}.SingleImage|Any CPU.ActiveCfg = Release|x86
		{45813541-764C-4E37-AED8-B9B7536F6B82}.SingleImage|Mixed Platforms.ActiveCfg = Release|x86
		{45813541-764C-4E37-AED8-B9B7536F6B82}.SingleImage|Mixed Platforms.Build.0 = Release|x86
		{45813541-764C-4E37-AED8-B9B7536F6B82}.SingleImage|x86.ActiveCfg = Release|x86
		{45813541-764C-4E37-AED8-B9B7536F6B82}.SingleImage|x86.Build.0 = Release|x86
		{0D81E327-ACCD-4A65-955D-3D6A8B5E25D0}.CD_ROM|Any CPU.ActiveCfg = Release|Any CPU
		{0D81E327-ACCD-4A65-955D-3D6A8B5E25D0}.CD_ROM|Any CPU.Build.0 = Release|Any CPU
		{0D81E327-ACCD-4A65-955D-3D6A8B5E25D0}.CD_ROM|Mixed Platforms.ActiveCfg = Release|Any CPU
		{0D81E327-ACCD-4A65-955D-3D6A8B5E25D0}.CD_ROM|Mixed Platforms.Build.0 = Release|Any CPU
		{0D81E327-ACCD-4A65-955D-3D6A8B5E25D0}.CD_ROM|x86.ActiveCfg = Release|Any CPU
		{0D81E327-ACCD-4A65-955D-3D6A8B5E25D0}.Debug|Any CPU.ActiveCfg = Debug|Any CPU
		{0D81E327-ACCD-4A65-955D-3D6A8B5E25D0}.Debug|Any CPU.Build.0 = Debug|Any CPU
		{0D81E327-ACCD-4A65-955D-3D6A8B5E25D0}.Debug|Mixed Platforms.ActiveCfg = Debug|Any CPU
		{0D81E327-ACCD-4A65-955D-3D6A8B5E25D0}.Debug|Mixed Platforms.Build.0 = Debug|Any CPU
		{0D81E327-ACCD-4A65-955D-3D6A8B5E25D0}.Debug|x86.ActiveCfg = Debug|Any CPU
		{0D81E327-ACCD-4A65-955D-3D6A8B5E25D0}.DVD-5|Any CPU.ActiveCfg = Debug|Any CPU
		{0D81E327-ACCD-4A65-955D-3D6A8B5E25D0}.DVD-5|Any CPU.Build.0 = Debug|Any CPU
		{0D81E327-ACCD-4A65-955D-3D6A8B5E25D0}.DVD-5|Mixed Platforms.ActiveCfg = Debug|Any CPU
		{0D81E327-ACCD-4A65-955D-3D6A8B5E25D0}.DVD-5|Mixed Platforms.Build.0 = Debug|Any CPU
		{0D81E327-ACCD-4A65-955D-3D6A8B5E25D0}.DVD-5|x86.ActiveCfg = Debug|Any CPU
		{0D81E327-ACCD-4A65-955D-3D6A8B5E25D0}.Release|Any CPU.ActiveCfg = Release|Any CPU
		{0D81E327-ACCD-4A65-955D-3D6A8B5E25D0}.Release|Any CPU.Build.0 = Release|Any CPU
		{0D81E327-ACCD-4A65-955D-3D6A8B5E25D0}.Release|Mixed Platforms.ActiveCfg = Release|Any CPU
		{0D81E327-ACCD-4A65-955D-3D6A8B5E25D0}.Release|Mixed Platforms.Build.0 = Release|Any CPU
		{0D81E327-ACCD-4A65-955D-3D6A8B5E25D0}.Release|x86.ActiveCfg = Release|Any CPU
		{0D81E327-ACCD-4A65-955D-3D6A8B5E25D0}.SingleImage|Any CPU.ActiveCfg = Release|Any CPU
		{0D81E327-ACCD-4A65-955D-3D6A8B5E25D0}.SingleImage|Any CPU.Build.0 = Release|Any CPU
		{0D81E327-ACCD-4A65-955D-3D6A8B5E25D0}.SingleImage|Mixed Platforms.ActiveCfg = Release|Any CPU
		{0D81E327-ACCD-4A65-955D-3D6A8B5E25D0}.SingleImage|Mixed Platforms.Build.0 = Release|Any CPU
		{0D81E327-ACCD-4A65-955D-3D6A8B5E25D0}.SingleImage|x86.ActiveCfg = Release|Any CPU
		{11283970-E6B3-47F5-AD95-F794B8C476D6}.CD_ROM|Any CPU.ActiveCfg = Release|x86
		{11283970-E6B3-47F5-AD95-F794B8C476D6}.CD_ROM|Mixed Platforms.ActiveCfg = Release|x86
		{11283970-E6B3-47F5-AD95-F794B8C476D6}.CD_ROM|Mixed Platforms.Build.0 = Release|x86
		{11283970-E6B3-47F5-AD95-F794B8C476D6}.CD_ROM|x86.ActiveCfg = Release|x86
		{11283970-E6B3-47F5-AD95-F794B8C476D6}.CD_ROM|x86.Build.0 = Release|x86
		{11283970-E6B3-47F5-AD95-F794B8C476D6}.Debug|Any CPU.ActiveCfg = Debug|x86
		{11283970-E6B3-47F5-AD95-F794B8C476D6}.Debug|Mixed Platforms.ActiveCfg = Debug|x86
		{11283970-E6B3-47F5-AD95-F794B8C476D6}.Debug|Mixed Platforms.Build.0 = Debug|x86
		{11283970-E6B3-47F5-AD95-F794B8C476D6}.Debug|x86.ActiveCfg = Debug|x86
		{11283970-E6B3-47F5-AD95-F794B8C476D6}.Debug|x86.Build.0 = Debug|x86
		{11283970-E6B3-47F5-AD95-F794B8C476D6}.DVD-5|Any CPU.ActiveCfg = Debug|x86
		{11283970-E6B3-47F5-AD95-F794B8C476D6}.DVD-5|Mixed Platforms.ActiveCfg = Debug|x86
		{11283970-E6B3-47F5-AD95-F794B8C476D6}.DVD-5|Mixed Platforms.Build.0 = Debug|x86
		{11283970-E6B3-47F5-AD95-F794B8C476D6}.DVD-5|x86.ActiveCfg = Debug|x86
		{11283970-E6B3-47F5-AD95-F794B8C476D6}.DVD-5|x86.Build.0 = Debug|x86
		{11283970-E6B3-47F5-AD95-F794B8C476D6}.Release|Any CPU.ActiveCfg = Release|x86
		{11283970-E6B3-47F5-AD95-F794B8C476D6}.Release|Mixed Platforms.ActiveCfg = Release|x86
		{11283970-E6B3-47F5-AD95-F794B8C476D6}.Release|Mixed Platforms.Build.0 = Release|x86
		{11283970-E6B3-47F5-AD95-F794B8C476D6}.Release|x86.ActiveCfg = Release|x86
		{11283970-E6B3-47F5-AD95-F794B8C476D6}.Release|x86.Build.0 = Release|x86
		{11283970-E6B3-47F5-AD95-F794B8C476D6}.SingleImage|Any CPU.ActiveCfg = Release|x86
		{11283970-E6B3-47F5-AD95-F794B8C476D6}.SingleImage|Mixed Platforms.ActiveCfg = Release|x86
		{11283970-E6B3-47F5-AD95-F794B8C476D6}.SingleImage|Mixed Platforms.Build.0 = Release|x86
		{11283970-E6B3-47F5-AD95-F794B8C476D6}.SingleImage|x86.ActiveCfg = Release|x86
		{11283970-E6B3-47F5-AD95-F794B8C476D6}.SingleImage|x86.Build.0 = Release|x86
	EndGlobalSection
	GlobalSection(SolutionProperties) = preSolution
		HideSolutionNode = FALSE
	EndGlobalSection
EndGlobal
